// !$*UTF8*$!
{
	archiveVersion = 1;
	classes = {
	};
	objectVersion = 56;
	objects = {

/* Begin PBXBuildFile section */
		09B8FBD62AC41BF7007DBB80 /* Assets.xcassets in Resources */ = {isa = PBXBuildFile; fileRef = 09B8FBD52AC41BF7007DBB80 /* Assets.xcassets */; };
		09B8FBD82AC45862007DBB80 /* MeetingTimerView.swift in Sources */ = {isa = PBXBuildFile; fileRef = 09B8FBD72AC45862007DBB80 /* MeetingTimerView.swift */; };
		09B8FBDA2AC459F8007DBB80 /* SpeakerArc.swift in Sources */ = {isa = PBXBuildFile; fileRef = 09B8FBD92AC459F8007DBB80 /* SpeakerArc.swift */; };
		09B8FBDC2AC460E0007DBB80 /* SpeechRecognizer.swift in Sources */ = {isa = PBXBuildFile; fileRef = 09B8FBDB2AC460E0007DBB80 /* SpeechRecognizer.swift */; };
		09B8FBDE2AC46329007DBB80 /* HistoryView.swift in Sources */ = {isa = PBXBuildFile; fileRef = 09B8FBDD2AC46329007DBB80 /* HistoryView.swift */; };
		09F86A6A2AC183D800992A05 /* ScrumdingerApp.swift in Sources */ = {isa = PBXBuildFile; fileRef = 09F86A692AC183D800992A05 /* ScrumdingerApp.swift */; };
		09F86A6C2AC183D800992A05 /* MeetingView.swift in Sources */ = {isa = PBXBuildFile; fileRef = 09F86A6B2AC183D800992A05 /* MeetingView.swift */; };
		09F86A6E2AC183DC00992A05 /* Assets.xcassets in Resources */ = {isa = PBXBuildFile; fileRef = 09F86A6D2AC183DC00992A05 /* Assets.xcassets */; };
		09F86A722AC183DC00992A05 /* Preview Assets.xcassets in Resources */ = {isa = PBXBuildFile; fileRef = 09F86A712AC183DC00992A05 /* Preview Assets.xcassets */; };
		09F86A7C2AC183DC00992A05 /* ScrumdingerTests.swift in Sources */ = {isa = PBXBuildFile; fileRef = 09F86A7B2AC183DC00992A05 /* ScrumdingerTests.swift */; };
		09F86A862AC183DC00992A05 /* ScrumdingerUITests.swift in Sources */ = {isa = PBXBuildFile; fileRef = 09F86A852AC183DC00992A05 /* ScrumdingerUITests.swift */; };
		09F86A882AC183DC00992A05 /* ScrumdingerUITestsLaunchTests.swift in Sources */ = {isa = PBXBuildFile; fileRef = 09F86A872AC183DC00992A05 /* ScrumdingerUITestsLaunchTests.swift */; };
		09F86A962AC18F1400992A05 /* Theme.swift in Sources */ = {isa = PBXBuildFile; fileRef = 09F86A952AC18F1400992A05 /* Theme.swift */; };
		09F86A982AC18FD800992A05 /* DailyScrum.swift in Sources */ = {isa = PBXBuildFile; fileRef = 09F86A972AC18FD800992A05 /* DailyScrum.swift */; };
		09F86A9A2AC1901B00992A05 /* CardView.swift in Sources */ = {isa = PBXBuildFile; fileRef = 09F86A992AC1901B00992A05 /* CardView.swift */; };
		09F86A9E2AC1B31D00992A05 /* TrailingIconLabelStyle.swift in Sources */ = {isa = PBXBuildFile; fileRef = 09F86A9D2AC1B31D00992A05 /* TrailingIconLabelStyle.swift */; };
		09F86AA02AC1B5BE00992A05 /* ScrumsView.swift in Sources */ = {isa = PBXBuildFile; fileRef = 09F86A9F2AC1B5BE00992A05 /* ScrumsView.swift */; };
		09F86AA42AC1BA1600992A05 /* DetailView.swift in Sources */ = {isa = PBXBuildFile; fileRef = 09F86AA32AC1BA1600992A05 /* DetailView.swift */; };
		09F86AA62AC1C5BF00992A05 /* DetailEditView.swift in Sources */ = {isa = PBXBuildFile; fileRef = 09F86AA52AC1C5BF00992A05 /* DetailEditView.swift */; };
		09F86AA82AC1CB7A00992A05 /* ThemeView.swift in Sources */ = {isa = PBXBuildFile; fileRef = 09F86AA72AC1CB7A00992A05 /* ThemeView.swift */; };
		09F86AAA2AC1CC1C00992A05 /* ThemePicker.swift in Sources */ = {isa = PBXBuildFile; fileRef = 09F86AA92AC1CC1C00992A05 /* ThemePicker.swift */; };
		09F86AAC2AC2DA2E00992A05 /* MeetingHeaderView.swift in Sources */ = {isa = PBXBuildFile; fileRef = 09F86AAB2AC2DA2E00992A05 /* MeetingHeaderView.swift */; };
		09F86AAE2AC2DC0C00992A05 /* ScrumProgressViewStyle.swift in Sources */ = {isa = PBXBuildFile; fileRef = 09F86AAD2AC2DC0C00992A05 /* ScrumProgressViewStyle.swift */; };
		09F86AB02AC2DC8F00992A05 /* ScrumTimer.swift in Sources */ = {isa = PBXBuildFile; fileRef = 09F86AAF2AC2DC8F00992A05 /* ScrumTimer.swift */; };
		09F86AB22AC2DDB700992A05 /* MeetingFooterView.swift in Sources */ = {isa = PBXBuildFile; fileRef = 09F86AB12AC2DDB700992A05 /* MeetingFooterView.swift */; };
		09F86AB42AC2DF8800992A05 /* AVPlayer+Ding.swift in Sources */ = {isa = PBXBuildFile; fileRef = 09F86AB32AC2DF8800992A05 /* AVPlayer+Ding.swift */; };
		09F86AB62AC32C0300992A05 /* NewScrumSheet.swift in Sources */ = {isa = PBXBuildFile; fileRef = 09F86AB52AC32C0300992A05 /* NewScrumSheet.swift */; };
		09F86AB82AC32E4000992A05 /* History.swift in Sources */ = {isa = PBXBuildFile; fileRef = 09F86AB72AC32E4000992A05 /* History.swift */; };
		09F86ABA2AC331BA00992A05 /* ScrumStore.swift in Sources */ = {isa = PBXBuildFile; fileRef = 09F86AB92AC331BA00992A05 /* ScrumStore.swift */; };
		09F86ABC2AC33DBE00992A05 /* ErrorWrapper.swift in Sources */ = {isa = PBXBuildFile; fileRef = 09F86ABB2AC33DBE00992A05 /* ErrorWrapper.swift */; };
		09F86AC02AC3454600992A05 /* ErrorView.swift in Sources */ = {isa = PBXBuildFile; fileRef = 09F86ABF2AC3454500992A05 /* ErrorView.swift */; };
/* End PBXBuildFile section */

/* Begin PBXContainerItemProxy section */
		09F86A782AC183DC00992A05 /* PBXContainerItemProxy */ = {
			isa = PBXContainerItemProxy;
			containerPortal = 09F86A5E2AC183D800992A05 /* Project object */;
			proxyType = 1;
			remoteGlobalIDString = 09F86A652AC183D800992A05;
			remoteInfo = Scrumdinger;
		};
		09F86A822AC183DC00992A05 /* PBXContainerItemProxy */ = {
			isa = PBXContainerItemProxy;
			containerPortal = 09F86A5E2AC183D800992A05 /* Project object */;
			proxyType = 1;
			remoteGlobalIDString = 09F86A652AC183D800992A05;
			remoteInfo = Scrumdinger;
		};
/* End PBXContainerItemProxy section */

/* Begin PBXFileReference section */
		09B8FBD52AC41BF7007DBB80 /* Assets.xcassets */ = {isa = PBXFileReference; lastKnownFileType = folder.assetcatalog; name = Assets.xcassets; path = ../../../../Downloads/HandlingErrors/StartingProject/Scrumdinger/Assets.xcassets; sourceTree = "<group>"; };
		09B8FBD72AC45862007DBB80 /* MeetingTimerView.swift */ = {isa = PBXFileReference; lastKnownFileType = sourcecode.swift; path = MeetingTimerView.swift; sourceTree = "<group>"; };
		09B8FBD92AC459F8007DBB80 /* SpeakerArc.swift */ = {isa = PBXFileReference; lastKnownFileType = sourcecode.swift; path = SpeakerArc.swift; sourceTree = "<group>"; };
		09B8FBDB2AC460E0007DBB80 /* SpeechRecognizer.swift */ = {isa = PBXFileReference; fileEncoding = 4; lastKnownFileType = sourcecode.swift; path = SpeechRecognizer.swift; sourceTree = "<group>"; };
		09B8FBDD2AC46329007DBB80 /* HistoryView.swift */ = {isa = PBXFileReference; lastKnownFileType = sourcecode.swift; path = HistoryView.swift; sourceTree = "<group>"; };
		09F86A662AC183D800992A05 /* Scrumdinger.app */ = {isa = PBXFileReference; explicitFileType = wrapper.application; includeInIndex = 0; path = Scrumdinger.app; sourceTree = BUILT_PRODUCTS_DIR; };
		09F86A692AC183D800992A05 /* ScrumdingerApp.swift */ = {isa = PBXFileReference; lastKnownFileType = sourcecode.swift; path = ScrumdingerApp.swift; sourceTree = "<group>"; };
		09F86A6B2AC183D800992A05 /* MeetingView.swift */ = {isa = PBXFileReference; lastKnownFileType = sourcecode.swift; path = MeetingView.swift; sourceTree = "<group>"; };
		09F86A6D2AC183DC00992A05 /* Assets.xcassets */ = {isa = PBXFileReference; lastKnownFileType = folder.assetcatalog; path = Assets.xcassets; sourceTree = "<group>"; };
		09F86A6F2AC183DC00992A05 /* Scrumdinger.entitlements */ = {isa = PBXFileReference; lastKnownFileType = text.plist.entitlements; path = Scrumdinger.entitlements; sourceTree = "<group>"; };
		09F86A712AC183DC00992A05 /* Preview Assets.xcassets */ = {isa = PBXFileReference; lastKnownFileType = folder.assetcatalog; path = "Preview Assets.xcassets"; sourceTree = "<group>"; };
		09F86A772AC183DC00992A05 /* ScrumdingerTests.xctest */ = {isa = PBXFileReference; explicitFileType = wrapper.cfbundle; includeInIndex = 0; path = ScrumdingerTests.xctest; sourceTree = BUILT_PRODUCTS_DIR; };
		09F86A7B2AC183DC00992A05 /* ScrumdingerTests.swift */ = {isa = PBXFileReference; lastKnownFileType = sourcecode.swift; path = ScrumdingerTests.swift; sourceTree = "<group>"; };
		09F86A812AC183DC00992A05 /* ScrumdingerUITests.xctest */ = {isa = PBXFileReference; explicitFileType = wrapper.cfbundle; includeInIndex = 0; path = ScrumdingerUITests.xctest; sourceTree = BUILT_PRODUCTS_DIR; };
		09F86A852AC183DC00992A05 /* ScrumdingerUITests.swift */ = {isa = PBXFileReference; lastKnownFileType = sourcecode.swift; path = ScrumdingerUITests.swift; sourceTree = "<group>"; };
		09F86A872AC183DC00992A05 /* ScrumdingerUITestsLaunchTests.swift */ = {isa = PBXFileReference; lastKnownFileType = sourcecode.swift; path = ScrumdingerUITestsLaunchTests.swift; sourceTree = "<group>"; };
		09F86A952AC18F1400992A05 /* Theme.swift */ = {isa = PBXFileReference; lastKnownFileType = sourcecode.swift; path = Theme.swift; sourceTree = "<group>"; };
		09F86A972AC18FD800992A05 /* DailyScrum.swift */ = {isa = PBXFileReference; lastKnownFileType = sourcecode.swift; path = DailyScrum.swift; sourceTree = "<group>"; };
		09F86A992AC1901B00992A05 /* CardView.swift */ = {isa = PBXFileReference; lastKnownFileType = sourcecode.swift; path = CardView.swift; sourceTree = "<group>"; };
		09F86A9D2AC1B31D00992A05 /* TrailingIconLabelStyle.swift */ = {isa = PBXFileReference; lastKnownFileType = sourcecode.swift; path = TrailingIconLabelStyle.swift; sourceTree = "<group>"; };
		09F86A9F2AC1B5BE00992A05 /* ScrumsView.swift */ = {isa = PBXFileReference; lastKnownFileType = sourcecode.swift; path = ScrumsView.swift; sourceTree = "<group>"; };
		09F86AA32AC1BA1600992A05 /* DetailView.swift */ = {isa = PBXFileReference; lastKnownFileType = sourcecode.swift; path = DetailView.swift; sourceTree = "<group>"; };
		09F86AA52AC1C5BF00992A05 /* DetailEditView.swift */ = {isa = PBXFileReference; lastKnownFileType = sourcecode.swift; path = DetailEditView.swift; sourceTree = "<group>"; };
		09F86AA72AC1CB7A00992A05 /* ThemeView.swift */ = {isa = PBXFileReference; lastKnownFileType = sourcecode.swift; path = ThemeView.swift; sourceTree = "<group>"; };
		09F86AA92AC1CC1C00992A05 /* ThemePicker.swift */ = {isa = PBXFileReference; lastKnownFileType = sourcecode.swift; path = ThemePicker.swift; sourceTree = "<group>"; };
		09F86AAB2AC2DA2E00992A05 /* MeetingHeaderView.swift */ = {isa = PBXFileReference; lastKnownFileType = sourcecode.swift; path = MeetingHeaderView.swift; sourceTree = "<group>"; };
		09F86AAD2AC2DC0C00992A05 /* ScrumProgressViewStyle.swift */ = {isa = PBXFileReference; fileEncoding = 4; lastKnownFileType = sourcecode.swift; path = ScrumProgressViewStyle.swift; sourceTree = "<group>"; };
		09F86AAF2AC2DC8F00992A05 /* ScrumTimer.swift */ = {isa = PBXFileReference; fileEncoding = 4; lastKnownFileType = sourcecode.swift; path = ScrumTimer.swift; sourceTree = "<group>"; };
		09F86AB12AC2DDB700992A05 /* MeetingFooterView.swift */ = {isa = PBXFileReference; lastKnownFileType = sourcecode.swift; path = MeetingFooterView.swift; sourceTree = "<group>"; };
		09F86AB32AC2DF8800992A05 /* AVPlayer+Ding.swift */ = {isa = PBXFileReference; fileEncoding = 4; lastKnownFileType = sourcecode.swift; path = "AVPlayer+Ding.swift"; sourceTree = "<group>"; };
		09F86AB52AC32C0300992A05 /* NewScrumSheet.swift */ = {isa = PBXFileReference; lastKnownFileType = sourcecode.swift; path = NewScrumSheet.swift; sourceTree = "<group>"; };
		09F86AB72AC32E4000992A05 /* History.swift */ = {isa = PBXFileReference; lastKnownFileType = sourcecode.swift; path = History.swift; sourceTree = "<group>"; };
		09F86AB92AC331BA00992A05 /* ScrumStore.swift */ = {isa = PBXFileReference; lastKnownFileType = sourcecode.swift; path = ScrumStore.swift; sourceTree = "<group>"; };
		09F86ABB2AC33DBE00992A05 /* ErrorWrapper.swift */ = {isa = PBXFileReference; lastKnownFileType = sourcecode.swift; path = ErrorWrapper.swift; sourceTree = "<group>"; };
		09F86ABF2AC3454500992A05 /* ErrorView.swift */ = {isa = PBXFileReference; lastKnownFileType = sourcecode.swift; path = ErrorView.swift; sourceTree = "<group>"; };
/* End PBXFileReference section */

/* Begin PBXFrameworksBuildPhase section */
		09F86A632AC183D800992A05 /* Frameworks */ = {
			isa = PBXFrameworksBuildPhase;
			buildActionMask = 2147483647;
			files = (
			);
			runOnlyForDeploymentPostprocessing = 0;
		};
		09F86A742AC183DC00992A05 /* Frameworks */ = {
			isa = PBXFrameworksBuildPhase;
			buildActionMask = 2147483647;
			files = (
			);
			runOnlyForDeploymentPostprocessing = 0;
		};
		09F86A7E2AC183DC00992A05 /* Frameworks */ = {
			isa = PBXFrameworksBuildPhase;
			buildActionMask = 2147483647;
			files = (
			);
			runOnlyForDeploymentPostprocessing = 0;
		};
/* End PBXFrameworksBuildPhase section */

/* Begin PBXGroup section */
		09F86A5D2AC183D800992A05 = {
			isa = PBXGroup;
			children = (
				09F86A682AC183D800992A05 /* Scrumdinger */,
				09F86A7A2AC183DC00992A05 /* ScrumdingerTests */,
				09F86A842AC183DC00992A05 /* ScrumdingerUITests */,
				09F86A672AC183D800992A05 /* Products */,
			);
			sourceTree = "<group>";
		};
		09F86A672AC183D800992A05 /* Products */ = {
			isa = PBXGroup;
			children = (
				09F86A662AC183D800992A05 /* Scrumdinger.app */,
				09F86A772AC183DC00992A05 /* ScrumdingerTests.xctest */,
				09F86A812AC183DC00992A05 /* ScrumdingerUITests.xctest */,
			);
			name = Products;
			sourceTree = "<group>";
		};
		09F86A682AC183D800992A05 /* Scrumdinger */ = {
			isa = PBXGroup;
			children = (
				09B8FBD52AC41BF7007DBB80 /* Assets.xcassets */,
				09F86A942AC18EF000992A05 /* Models */,
				09F86A692AC183D800992A05 /* ScrumdingerApp.swift */,
				09F86A6B2AC183D800992A05 /* MeetingView.swift */,
				09F86A6D2AC183DC00992A05 /* Assets.xcassets */,
				09F86A6F2AC183DC00992A05 /* Scrumdinger.entitlements */,
				09F86A702AC183DC00992A05 /* Preview Content */,
				09F86A992AC1901B00992A05 /* CardView.swift */,
				09F86A9D2AC1B31D00992A05 /* TrailingIconLabelStyle.swift */,
				09F86AAD2AC2DC0C00992A05 /* ScrumProgressViewStyle.swift */,
				09F86A9F2AC1B5BE00992A05 /* ScrumsView.swift */,
				09F86AA32AC1BA1600992A05 /* DetailView.swift */,
				09F86AA52AC1C5BF00992A05 /* DetailEditView.swift */,
				09F86AA72AC1CB7A00992A05 /* ThemeView.swift */,
				09F86AA92AC1CC1C00992A05 /* ThemePicker.swift */,
				09F86AAB2AC2DA2E00992A05 /* MeetingHeaderView.swift */,
				09F86AB12AC2DDB700992A05 /* MeetingFooterView.swift */,
				09F86AB52AC32C0300992A05 /* NewScrumSheet.swift */,
				09F86ABF2AC3454500992A05 /* ErrorView.swift */,
				09B8FBD72AC45862007DBB80 /* MeetingTimerView.swift */,
				09B8FBD92AC459F8007DBB80 /* SpeakerArc.swift */,
				09B8FBDD2AC46329007DBB80 /* HistoryView.swift */,
			);
			path = Scrumdinger;
			sourceTree = "<group>";
		};
		09F86A702AC183DC00992A05 /* Preview Content */ = {
			isa = PBXGroup;
			children = (
				09F86A712AC183DC00992A05 /* Preview Assets.xcassets */,
			);
			path = "Preview Content";
			sourceTree = "<group>";
		};
		09F86A7A2AC183DC00992A05 /* ScrumdingerTests */ = {
			isa = PBXGroup;
			children = (
				09F86A7B2AC183DC00992A05 /* ScrumdingerTests.swift */,
			);
			path = ScrumdingerTests;
			sourceTree = "<group>";
		};
		09F86A842AC183DC00992A05 /* ScrumdingerUITests */ = {
			isa = PBXGroup;
			children = (
				09F86A852AC183DC00992A05 /* ScrumdingerUITests.swift */,
				09F86A872AC183DC00992A05 /* ScrumdingerUITestsLaunchTests.swift */,
			);
			path = ScrumdingerUITests;
			sourceTree = "<group>";
		};
		09F86A942AC18EF000992A05 /* Models */ = {
			isa = PBXGroup;
			children = (
				09F86A952AC18F1400992A05 /* Theme.swift */,
				09F86AB32AC2DF8800992A05 /* AVPlayer+Ding.swift */,
				09F86AAF2AC2DC8F00992A05 /* ScrumTimer.swift */,
				09B8FBDB2AC460E0007DBB80 /* SpeechRecognizer.swift */,
				09F86A972AC18FD800992A05 /* DailyScrum.swift */,
				09F86AB72AC32E4000992A05 /* History.swift */,
				09F86AB92AC331BA00992A05 /* ScrumStore.swift */,
				09F86ABB2AC33DBE00992A05 /* ErrorWrapper.swift */,
			);
			path = Models;
			sourceTree = "<group>";
		};
/* End PBXGroup section */

/* Begin PBXNativeTarget section */
		09F86A652AC183D800992A05 /* Scrumdinger */ = {
			isa = PBXNativeTarget;
			buildConfigurationList = 09F86A8B2AC183DC00992A05 /* Build configuration list for PBXNativeTarget "Scrumdinger" */;
			buildPhases = (
				09F86A622AC183D800992A05 /* Sources */,
				09F86A632AC183D800992A05 /* Frameworks */,
				09F86A642AC183D800992A05 /* Resources */,
			);
			buildRules = (
			);
			dependencies = (
			);
			name = Scrumdinger;
			productName = Scrumdinger;
			productReference = 09F86A662AC183D800992A05 /* Scrumdinger.app */;
			productType = "com.apple.product-type.application";
		};
		09F86A762AC183DC00992A05 /* ScrumdingerTests */ = {
			isa = PBXNativeTarget;
			buildConfigurationList = 09F86A8E2AC183DC00992A05 /* Build configuration list for PBXNativeTarget "ScrumdingerTests" */;
			buildPhases = (
				09F86A732AC183DC00992A05 /* Sources */,
				09F86A742AC183DC00992A05 /* Frameworks */,
				09F86A752AC183DC00992A05 /* Resources */,
			);
			buildRules = (
			);
			dependencies = (
				09F86A792AC183DC00992A05 /* PBXTargetDependency */,
			);
			name = ScrumdingerTests;
			productName = ScrumdingerTests;
			productReference = 09F86A772AC183DC00992A05 /* ScrumdingerTests.xctest */;
			productType = "com.apple.product-type.bundle.unit-test";
		};
		09F86A802AC183DC00992A05 /* ScrumdingerUITests */ = {
			isa = PBXNativeTarget;
			buildConfigurationList = 09F86A912AC183DC00992A05 /* Build configuration list for PBXNativeTarget "ScrumdingerUITests" */;
			buildPhases = (
				09F86A7D2AC183DC00992A05 /* Sources */,
				09F86A7E2AC183DC00992A05 /* Frameworks */,
				09F86A7F2AC183DC00992A05 /* Resources */,
			);
			buildRules = (
			);
			dependencies = (
				09F86A832AC183DC00992A05 /* PBXTargetDependency */,
			);
			name = ScrumdingerUITests;
			productName = ScrumdingerUITests;
			productReference = 09F86A812AC183DC00992A05 /* ScrumdingerUITests.xctest */;
			productType = "com.apple.product-type.bundle.ui-testing";
		};
/* End PBXNativeTarget section */

/* Begin PBXProject section */
		09F86A5E2AC183D800992A05 /* Project object */ = {
			isa = PBXProject;
			attributes = {
				BuildIndependentTargetsInParallel = 1;
				LastSwiftUpdateCheck = 1500;
				LastUpgradeCheck = 1500;
				TargetAttributes = {
					09F86A652AC183D800992A05 = {
						CreatedOnToolsVersion = 15.0;
					};
					09F86A762AC183DC00992A05 = {
						CreatedOnToolsVersion = 15.0;
						TestTargetID = 09F86A652AC183D800992A05;
					};
					09F86A802AC183DC00992A05 = {
						CreatedOnToolsVersion = 15.0;
						TestTargetID = 09F86A652AC183D800992A05;
					};
				};
			};
			buildConfigurationList = 09F86A612AC183D800992A05 /* Build configuration list for PBXProject "Scrumdinger" */;
			compatibilityVersion = "Xcode 14.0";
			developmentRegion = en;
			hasScannedForEncodings = 0;
			knownRegions = (
				en,
				Base,
			);
			mainGroup = 09F86A5D2AC183D800992A05;
			productRefGroup = 09F86A672AC183D800992A05 /* Products */;
			projectDirPath = "";
			projectRoot = "";
			targets = (
				09F86A652AC183D800992A05 /* Scrumdinger */,
				09F86A762AC183DC00992A05 /* ScrumdingerTests */,
				09F86A802AC183DC00992A05 /* ScrumdingerUITests */,
			);
		};
/* End PBXProject section */

/* Begin PBXResourcesBuildPhase section */
		09F86A642AC183D800992A05 /* Resources */ = {
			isa = PBXResourcesBuildPhase;
			buildActionMask = 2147483647;
			files = (
				09F86A722AC183DC00992A05 /* Preview Assets.xcassets in Resources */,
				09B8FBD62AC41BF7007DBB80 /* Assets.xcassets in Resources */,
				09F86A6E2AC183DC00992A05 /* Assets.xcassets in Resources */,
			);
			runOnlyForDeploymentPostprocessing = 0;
		};
		09F86A752AC183DC00992A05 /* Resources */ = {
			isa = PBXResourcesBuildPhase;
			buildActionMask = 2147483647;
			files = (
			);
			runOnlyForDeploymentPostprocessing = 0;
		};
		09F86A7F2AC183DC00992A05 /* Resources */ = {
			isa = PBXResourcesBuildPhase;
			buildActionMask = 2147483647;
			files = (
			);
			runOnlyForDeploymentPostprocessing = 0;
		};
/* End PBXResourcesBuildPhase section */

/* Begin PBXSourcesBuildPhase section */
		09F86A622AC183D800992A05 /* Sources */ = {
			isa = PBXSourcesBuildPhase;
			buildActionMask = 2147483647;
			files = (
				09F86AB82AC32E4000992A05 /* History.swift in Sources */,
				09F86AAA2AC1CC1C00992A05 /* ThemePicker.swift in Sources */,
				09F86AAE2AC2DC0C00992A05 /* ScrumProgressViewStyle.swift in Sources */,
				09F86AB02AC2DC8F00992A05 /* ScrumTimer.swift in Sources */,
				09B8FBDA2AC459F8007DBB80 /* SpeakerArc.swift in Sources */,
				09F86AC02AC3454600992A05 /* ErrorView.swift in Sources */,
				09F86AB22AC2DDB700992A05 /* MeetingFooterView.swift in Sources */,
				09B8FBDE2AC46329007DBB80 /* HistoryView.swift in Sources */,
				09B8FBD82AC45862007DBB80 /* MeetingTimerView.swift in Sources */,
				09F86A982AC18FD800992A05 /* DailyScrum.swift in Sources */,
				09F86ABA2AC331BA00992A05 /* ScrumStore.swift in Sources */,
				09F86AA02AC1B5BE00992A05 /* ScrumsView.swift in Sources */,
				09F86ABC2AC33DBE00992A05 /* ErrorWrapper.swift in Sources */,
				09F86AAC2AC2DA2E00992A05 /* MeetingHeaderView.swift in Sources */,
				09F86AA62AC1C5BF00992A05 /* DetailEditView.swift in Sources */,
				09F86AB62AC32C0300992A05 /* NewScrumSheet.swift in Sources */,
				09F86A9E2AC1B31D00992A05 /* TrailingIconLabelStyle.swift in Sources */,
				09F86A962AC18F1400992A05 /* Theme.swift in Sources */,
				09B8FBDC2AC460E0007DBB80 /* SpeechRecognizer.swift in Sources */,
				09F86AA42AC1BA1600992A05 /* DetailView.swift in Sources */,
				09F86A6C2AC183D800992A05 /* MeetingView.swift in Sources */,
				09F86A6A2AC183D800992A05 /* ScrumdingerApp.swift in Sources */,
				09F86AA82AC1CB7A00992A05 /* ThemeView.swift in Sources */,
				09F86A9A2AC1901B00992A05 /* CardView.swift in Sources */,
				09F86AB42AC2DF8800992A05 /* AVPlayer+Ding.swift in Sources */,
			);
			runOnlyForDeploymentPostprocessing = 0;
		};
		09F86A732AC183DC00992A05 /* Sources */ = {
			isa = PBXSourcesBuildPhase;
			buildActionMask = 2147483647;
			files = (
				09F86A7C2AC183DC00992A05 /* ScrumdingerTests.swift in Sources */,
			);
			runOnlyForDeploymentPostprocessing = 0;
		};
		09F86A7D2AC183DC00992A05 /* Sources */ = {
			isa = PBXSourcesBuildPhase;
			buildActionMask = 2147483647;
			files = (
				09F86A882AC183DC00992A05 /* ScrumdingerUITestsLaunchTests.swift in Sources */,
				09F86A862AC183DC00992A05 /* ScrumdingerUITests.swift in Sources */,
			);
			runOnlyForDeploymentPostprocessing = 0;
		};
/* End PBXSourcesBuildPhase section */

/* Begin PBXTargetDependency section */
		09F86A792AC183DC00992A05 /* PBXTargetDependency */ = {
			isa = PBXTargetDependency;
			target = 09F86A652AC183D800992A05 /* Scrumdinger */;
			targetProxy = 09F86A782AC183DC00992A05 /* PBXContainerItemProxy */;
		};
		09F86A832AC183DC00992A05 /* PBXTargetDependency */ = {
			isa = PBXTargetDependency;
			target = 09F86A652AC183D800992A05 /* Scrumdinger */;
			targetProxy = 09F86A822AC183DC00992A05 /* PBXContainerItemProxy */;
		};
/* End PBXTargetDependency section */

/* Begin XCBuildConfiguration section */
		09F86A892AC183DC00992A05 /* Debug */ = {
			isa = XCBuildConfiguration;
			buildSettings = {
				ALWAYS_SEARCH_USER_PATHS = NO;
				ASSETCATALOG_COMPILER_GENERATE_SWIFT_ASSET_SYMBOL_EXTENSIONS = YES;
				CLANG_ANALYZER_NONNULL = YES;
				CLANG_ANALYZER_NUMBER_OBJECT_CONVERSION = YES_AGGRESSIVE;
				CLANG_CXX_LANGUAGE_STANDARD = "gnu++20";
				CLANG_ENABLE_MODULES = YES;
				CLANG_ENABLE_OBJC_ARC = YES;
				CLANG_ENABLE_OBJC_WEAK = YES;
				CLANG_WARN_BLOCK_CAPTURE_AUTORELEASING = YES;
				CLANG_WARN_BOOL_CONVERSION = YES;
				CLANG_WARN_COMMA = YES;
				CLANG_WARN_CONSTANT_CONVERSION = YES;
				CLANG_WARN_DEPRECATED_OBJC_IMPLEMENTATIONS = YES;
				CLANG_WARN_DIRECT_OBJC_ISA_USAGE = YES_ERROR;
				CLANG_WARN_DOCUMENTATION_COMMENTS = YES;
				CLANG_WARN_EMPTY_BODY = YES;
				CLANG_WARN_ENUM_CONVERSION = YES;
				CLANG_WARN_INFINITE_RECURSION = YES;
				CLANG_WARN_INT_CONVERSION = YES;
				CLANG_WARN_NON_LITERAL_NULL_CONVERSION = YES;
				CLANG_WARN_OBJC_IMPLICIT_RETAIN_SELF = YES;
				CLANG_WARN_OBJC_LITERAL_CONVERSION = YES;
				CLANG_WARN_OBJC_ROOT_CLASS = YES_ERROR;
				CLANG_WARN_QUOTED_INCLUDE_IN_FRAMEWORK_HEADER = YES;
				CLANG_WARN_RANGE_LOOP_ANALYSIS = YES;
				CLANG_WARN_STRICT_PROTOTYPES = YES;
				CLANG_WARN_SUSPICIOUS_MOVE = YES;
				CLANG_WARN_UNGUARDED_AVAILABILITY = YES_AGGRESSIVE;
				CLANG_WARN_UNREACHABLE_CODE = YES;
				CLANG_WARN__DUPLICATE_METHOD_MATCH = YES;
				COPY_PHASE_STRIP = NO;
				DEBUG_INFORMATION_FORMAT = dwarf;
				ENABLE_STRICT_OBJC_MSGSEND = YES;
				ENABLE_TESTABILITY = YES;
				ENABLE_USER_SCRIPT_SANDBOXING = YES;
				GCC_C_LANGUAGE_STANDARD = gnu17;
				GCC_DYNAMIC_NO_PIC = NO;
				GCC_NO_COMMON_BLOCKS = YES;
				GCC_OPTIMIZATION_LEVEL = 0;
				GCC_PREPROCESSOR_DEFINITIONS = (
					"DEBUG=1",
					"$(inherited)",
				);
				GCC_WARN_64_TO_32_BIT_CONVERSION = YES;
				GCC_WARN_ABOUT_RETURN_TYPE = YES_ERROR;
				GCC_WARN_UNDECLARED_SELECTOR = YES;
				GCC_WARN_UNINITIALIZED_AUTOS = YES_AGGRESSIVE;
				GCC_WARN_UNUSED_FUNCTION = YES;
				GCC_WARN_UNUSED_VARIABLE = YES;
				LOCALIZATION_PREFERS_STRING_CATALOGS = YES;
				MTL_ENABLE_DEBUG_INFO = INCLUDE_SOURCE;
				MTL_FAST_MATH = YES;
				ONLY_ACTIVE_ARCH = YES;
				SWIFT_ACTIVE_COMPILATION_CONDITIONS = "DEBUG $(inherited)";
				SWIFT_OPTIMIZATION_LEVEL = "-Onone";
			};
			name = Debug;
		};
		09F86A8A2AC183DC00992A05 /* Release */ = {
			isa = XCBuildConfiguration;
			buildSettings = {
				ALWAYS_SEARCH_USER_PATHS = NO;
				ASSETCATALOG_COMPILER_GENERATE_SWIFT_ASSET_SYMBOL_EXTENSIONS = YES;
				CLANG_ANALYZER_NONNULL = YES;
				CLANG_ANALYZER_NUMBER_OBJECT_CONVERSION = YES_AGGRESSIVE;
				CLANG_CXX_LANGUAGE_STANDARD = "gnu++20";
				CLANG_ENABLE_MODULES = YES;
				CLANG_ENABLE_OBJC_ARC = YES;
				CLANG_ENABLE_OBJC_WEAK = YES;
				CLANG_WARN_BLOCK_CAPTURE_AUTORELEASING = YES;
				CLANG_WARN_BOOL_CONVERSION = YES;
				CLANG_WARN_COMMA = YES;
				CLANG_WARN_CONSTANT_CONVERSION = YES;
				CLANG_WARN_DEPRECATED_OBJC_IMPLEMENTATIONS = YES;
				CLANG_WARN_DIRECT_OBJC_ISA_USAGE = YES_ERROR;
				CLANG_WARN_DOCUMENTATION_COMMENTS = YES;
				CLANG_WARN_EMPTY_BODY = YES;
				CLANG_WARN_ENUM_CONVERSION = YES;
				CLANG_WARN_INFINITE_RECURSION = YES;
				CLANG_WARN_INT_CONVERSION = YES;
				CLANG_WARN_NON_LITERAL_NULL_CONVERSION = YES;
				CLANG_WARN_OBJC_IMPLICIT_RETAIN_SELF = YES;
				CLANG_WARN_OBJC_LITERAL_CONVERSION = YES;
				CLANG_WARN_OBJC_ROOT_CLASS = YES_ERROR;
				CLANG_WARN_QUOTED_INCLUDE_IN_FRAMEWORK_HEADER = YES;
				CLANG_WARN_RANGE_LOOP_ANALYSIS = YES;
				CLANG_WARN_STRICT_PROTOTYPES = YES;
				CLANG_WARN_SUSPICIOUS_MOVE = YES;
				CLANG_WARN_UNGUARDED_AVAILABILITY = YES_AGGRESSIVE;
				CLANG_WARN_UNREACHABLE_CODE = YES;
				CLANG_WARN__DUPLICATE_METHOD_MATCH = YES;
				COPY_PHASE_STRIP = NO;
				DEBUG_INFORMATION_FORMAT = "dwarf-with-dsym";
				ENABLE_NS_ASSERTIONS = NO;
				ENABLE_STRICT_OBJC_MSGSEND = YES;
				ENABLE_USER_SCRIPT_SANDBOXING = YES;
				GCC_C_LANGUAGE_STANDARD = gnu17;
				GCC_NO_COMMON_BLOCKS = YES;
				GCC_WARN_64_TO_32_BIT_CONVERSION = YES;
				GCC_WARN_ABOUT_RETURN_TYPE = YES_ERROR;
				GCC_WARN_UNDECLARED_SELECTOR = YES;
				GCC_WARN_UNINITIALIZED_AUTOS = YES_AGGRESSIVE;
				GCC_WARN_UNUSED_FUNCTION = YES;
				GCC_WARN_UNUSED_VARIABLE = YES;
				LOCALIZATION_PREFERS_STRING_CATALOGS = YES;
				MTL_ENABLE_DEBUG_INFO = NO;
				MTL_FAST_MATH = YES;
				SWIFT_COMPILATION_MODE = wholemodule;
			};
			name = Release;
		};
		09F86A8C2AC183DC00992A05 /* Debug */ = {
			isa = XCBuildConfiguration;
			buildSettings = {
				ASSETCATALOG_COMPILER_APPICON_NAME = AppIcon;
				ASSETCATALOG_COMPILER_GLOBAL_ACCENT_COLOR_NAME = AccentColor;
				CODE_SIGN_ENTITLEMENTS = Scrumdinger/Scrumdinger.entitlements;
				CODE_SIGN_STYLE = Automatic;
				CURRENT_PROJECT_VERSION = 1;
				DEVELOPMENT_ASSET_PATHS = "\"Scrumdinger/Preview Content\"";
				DEVELOPMENT_TEAM = 3YY679D642;
				ENABLE_HARDENED_RUNTIME = YES;
				ENABLE_PREVIEWS = YES;
				GENERATE_INFOPLIST_FILE = YES;
				INFOPLIST_KEY_NSMicrophoneUsageDescription = "Audio is recorded to transcribe the meeting. Audio recordings are discarded after transcription.";
				INFOPLIST_KEY_NSSpeechRecognitionUsageDescription = "ou can view a text transcription of your meeting in the app.";
				"INFOPLIST_KEY_UIApplicationSceneManifest_Generation[sdk=iphoneos*]" = YES;
				"INFOPLIST_KEY_UIApplicationSceneManifest_Generation[sdk=iphonesimulator*]" = YES;
				"INFOPLIST_KEY_UIApplicationSupportsIndirectInputEvents[sdk=iphoneos*]" = YES;
				"INFOPLIST_KEY_UIApplicationSupportsIndirectInputEvents[sdk=iphonesimulator*]" = YES;
				"INFOPLIST_KEY_UILaunchScreen_Generation[sdk=iphoneos*]" = YES;
				"INFOPLIST_KEY_UILaunchScreen_Generation[sdk=iphonesimulator*]" = YES;
				"INFOPLIST_KEY_UIStatusBarStyle[sdk=iphoneos*]" = UIStatusBarStyleDefault;
				"INFOPLIST_KEY_UIStatusBarStyle[sdk=iphonesimulator*]" = UIStatusBarStyleDefault;
				INFOPLIST_KEY_UISupportedInterfaceOrientations_iPad = "UIInterfaceOrientationPortrait UIInterfaceOrientationPortraitUpsideDown UIInterfaceOrientationLandscapeLeft UIInterfaceOrientationLandscapeRight";
				INFOPLIST_KEY_UISupportedInterfaceOrientations_iPhone = "UIInterfaceOrientationPortrait UIInterfaceOrientationLandscapeLeft UIInterfaceOrientationLandscapeRight";
				IPHONEOS_DEPLOYMENT_TARGET = 17.0;
				LD_RUNPATH_SEARCH_PATHS = "@executable_path/Frameworks";
				"LD_RUNPATH_SEARCH_PATHS[sdk=macosx*]" = "@executable_path/../Frameworks";
				MACOSX_DEPLOYMENT_TARGET = 13.5;
				MARKETING_VERSION = 1.0;
				PRODUCT_BUNDLE_IDENTIFIER = com.federicocecconi.Scrumdinger;
				PRODUCT_NAME = "$(TARGET_NAME)";
				SDKROOT = auto;
				SUPPORTED_PLATFORMS = "iphoneos iphonesimulator macosx";
				SWIFT_EMIT_LOC_STRINGS = YES;
				SWIFT_VERSION = 5.0;
				TARGETED_DEVICE_FAMILY = "1,2";
			};
			name = Debug;
		};
		09F86A8D2AC183DC00992A05 /* Release */ = {
			isa = XCBuildConfiguration;
			buildSettings = {
				ASSETCATALOG_COMPILER_APPICON_NAME = AppIcon;
				ASSETCATALOG_COMPILER_GLOBAL_ACCENT_COLOR_NAME = AccentColor;
				CODE_SIGN_ENTITLEMENTS = Scrumdinger/Scrumdinger.entitlements;
				CODE_SIGN_STYLE = Automatic;
				CURRENT_PROJECT_VERSION = 1;
				DEVELOPMENT_ASSET_PATHS = "\"Scrumdinger/Preview Content\"";
				DEVELOPMENT_TEAM = 3YY679D642;
				ENABLE_HARDENED_RUNTIME = YES;
				ENABLE_PREVIEWS = YES;
				GENERATE_INFOPLIST_FILE = YES;
				INFOPLIST_KEY_NSMicrophoneUsageDescription = "Audio is recorded to transcribe the meeting. Audio recordings are discarded after transcription.";
				INFOPLIST_KEY_NSSpeechRecognitionUsageDescription = "ou can view a text transcription of your meeting in the app.";
				"INFOPLIST_KEY_UIApplicationSceneManifest_Generation[sdk=iphoneos*]" = YES;
				"INFOPLIST_KEY_UIApplicationSceneManifest_Generation[sdk=iphonesimulator*]" = YES;
				"INFOPLIST_KEY_UIApplicationSupportsIndirectInputEvents[sdk=iphoneos*]" = YES;
				"INFOPLIST_KEY_UIApplicationSupportsIndirectInputEvents[sdk=iphonesimulator*]" = YES;
				"INFOPLIST_KEY_UILaunchScreen_Generation[sdk=iphoneos*]" = YES;
				"INFOPLIST_KEY_UILaunchScreen_Generation[sdk=iphonesimulator*]" = YES;
				"INFOPLIST_KEY_UIStatusBarStyle[sdk=iphoneos*]" = UIStatusBarStyleDefault;
				"INFOPLIST_KEY_UIStatusBarStyle[sdk=iphonesimulator*]" = UIStatusBarStyleDefault;
				INFOPLIST_KEY_UISupportedInterfaceOrientations_iPad = "UIInterfaceOrientationPortrait UIInterfaceOrientationPortraitUpsideDown UIInterfaceOrientationLandscapeLeft UIInterfaceOrientationLandscapeRight";
				INFOPLIST_KEY_UISupportedInterfaceOrientations_iPhone = "UIInterfaceOrientationPortrait UIInterfaceOrientationLandscapeLeft UIInterfaceOrientationLandscapeRight";
				IPHONEOS_DEPLOYMENT_TARGET = 17.0;
				LD_RUNPATH_SEARCH_PATHS = "@executable_path/Frameworks";
				"LD_RUNPATH_SEARCH_PATHS[sdk=macosx*]" = "@executable_path/../Frameworks";
				MACOSX_DEPLOYMENT_TARGET = 13.5;
				MARKETING_VERSION = 1.0;
				PRODUCT_BUNDLE_IDENTIFIER = com.federicocecconi.Scrumdinger;
				PRODUCT_NAME = "$(TARGET_NAME)";
				SDKROOT = auto;
				SUPPORTED_PLATFORMS = "iphoneos iphonesimulator macosx";
				SWIFT_EMIT_LOC_STRINGS = YES;
				SWIFT_VERSION = 5.0;
				TARGETED_DEVICE_FAMILY = "1,2";
			};
			name = Release;
		};
		09F86A8F2AC183DC00992A05 /* Debug */ = {
			isa = XCBuildConfiguration;
			buildSettings = {
				ALWAYS_EMBED_SWIFT_STANDARD_LIBRARIES = YES;
				BUNDLE_LOADER = "$(TEST_HOST)";
				CODE_SIGN_STYLE = Automatic;
				CURRENT_PROJECT_VERSION = 1;
				DEVELOPMENT_TEAM = 3YY679D642;
				GENERATE_INFOPLIST_FILE = YES;
				IPHONEOS_DEPLOYMENT_TARGET = 17.0;
				MACOSX_DEPLOYMENT_TARGET = 13.5;
				MARKETING_VERSION = 1.0;
				PRODUCT_BUNDLE_IDENTIFIER = com.federicocecconi.ScrumdingerTests;
				PRODUCT_NAME = "$(TARGET_NAME)";
				SDKROOT = auto;
				SUPPORTED_PLATFORMS = "iphoneos iphonesimulator macosx";
				SWIFT_EMIT_LOC_STRINGS = NO;
				SWIFT_VERSION = 5.0;
				TARGETED_DEVICE_FAMILY = "1,2";
				TEST_HOST = "$(BUILT_PRODUCTS_DIR)/Scrumdinger.app/$(BUNDLE_EXECUTABLE_FOLDER_PATH)/Scrumdinger";
			};
			name = Debug;
		};
		09F86A902AC183DC00992A05 /* Release */ = {
			isa = XCBuildConfiguration;
			buildSettings = {
				ALWAYS_EMBED_SWIFT_STANDARD_LIBRARIES = YES;
				BUNDLE_LOADER = "$(TEST_HOST)";
				CODE_SIGN_STYLE = Automatic;
				CURRENT_PROJECT_VERSION = 1;
				DEVELOPMENT_TEAM = 3YY679D642;
				GENERATE_INFOPLIST_FILE = YES;
				IPHONEOS_DEPLOYMENT_TARGET = 17.0;
				MACOSX_DEPLOYMENT_TARGET = 13.5;
				MARKETING_VERSION = 1.0;
				PRODUCT_BUNDLE_IDENTIFIER = com.federicocecconi.ScrumdingerTests;
				PRODUCT_NAME = "$(TARGET_NAME)";
				SDKROOT = auto;
				SUPPORTED_PLATFORMS = "iphoneos iphonesimulator macosx";
				SWIFT_EMIT_LOC_STRINGS = NO;
				SWIFT_VERSION = 5.0;
				TARGETED_DEVICE_FAMILY = "1,2";
				TEST_HOST = "$(BUILT_PRODUCTS_DIR)/Scrumdinger.app/$(BUNDLE_EXECUTABLE_FOLDER_PATH)/Scrumdinger";
			};
			name = Release;
		};
		09F86A922AC183DC00992A05 /* Debug */ = {
			isa = XCBuildConfiguration;
			buildSettings = {
				ALWAYS_EMBED_SWIFT_STANDARD_LIBRARIES = YES;
				CODE_SIGN_STYLE = Automatic;
				CURRENT_PROJECT_VERSION = 1;
				DEVELOPMENT_TEAM = 3YY679D642;
				GENERATE_INFOPLIST_FILE = YES;
				IPHONEOS_DEPLOYMENT_TARGET = 17.0;
				MACOSX_DEPLOYMENT_TARGET = 13.5;
				MARKETING_VERSION = 1.0;
				PRODUCT_BUNDLE_IDENTIFIER = com.federicocecconi.ScrumdingerUITests;
				PRODUCT_NAME = "$(TARGET_NAME)";
				SDKROOT = auto;
				SUPPORTED_PLATFORMS = "iphoneos iphonesimulator macosx";
				SWIFT_EMIT_LOC_STRINGS = NO;
				SWIFT_VERSION = 5.0;
				TARGETED_DEVICE_FAMILY = "1,2";
				TEST_TARGET_NAME = Scrumdinger;
			};
			name = Debug;
		};
		09F86A932AC183DC00992A05 /* Release */ = {
			isa = XCBuildConfiguration;
			buildSettings = {
				ALWAYS_EMBED_SWIFT_STANDARD_LIBRARIES = YES;
				CODE_SIGN_STYLE = Automatic;
				CURRENT_PROJECT_VERSION = 1;
				DEVELOPMENT_TEAM = 3YY679D642;
				GENERATE_INFOPLIST_FILE = YES;
				IPHONEOS_DEPLOYMENT_TARGET = 17.0;
				MACOSX_DEPLOYMENT_TARGET = 13.5;
				MARKETING_VERSION = 1.0;
				PRODUCT_BUNDLE_IDENTIFIER = com.federicocecconi.ScrumdingerUITests;
				PRODUCT_NAME = "$(TARGET_NAME)";
				SDKROOT = auto;
				SUPPORTED_PLATFORMS = "iphoneos iphonesimulator macosx";
				SWIFT_EMIT_LOC_STRINGS = NO;
				SWIFT_VERSION = 5.0;
				TARGETED_DEVICE_FAMILY = "1,2";
				TEST_TARGET_NAME = Scrumdinger;
			};
			name = Release;
		};
/* End XCBuildConfiguration section */

/* Begin XCConfigurationList section */
		09F86A612AC183D800992A05 /* Build configuration list for PBXProject "Scrumdinger" */ = {
			isa = XCConfigurationList;
			buildConfigurations = (
				09F86A892AC183DC00992A05 /* Debug */,
				09F86A8A2AC183DC00992A05 /* Release */,
			);
			defaultConfigurationIsVisible = 0;
			defaultConfigurationName = Release;
		};
		09F86A8B2AC183DC00992A05 /* Build configuration list for PBXNativeTarget "Scrumdinger" */ = {
			isa = XCConfigurationList;
			buildConfigurations = (
				09F86A8C2AC183DC00992A05 /* Debug */,
				09F86A8D2AC183DC00992A05 /* Release */,
			);
			defaultConfigurationIsVisible = 0;
			defaultConfigurationName = Release;
		};
		09F86A8E2AC183DC00992A05 /* Build configuration list for PBXNativeTarget "ScrumdingerTests" */ = {
			isa = XCConfigurationList;
			buildConfigurations = (
				09F86A8F2AC183DC00992A05 /* Debug */,
				09F86A902AC183DC00992A05 /* Release */,
			);
			defaultConfigurationIsVisible = 0;
			defaultConfigurationName = Release;
		};
		09F86A912AC183DC00992A05 /* Build configuration list for PBXNativeTarget "ScrumdingerUITests" */ = {
			isa = XCConfigurationList;
			buildConfigurations = (
				09F86A922AC183DC00992A05 /* Debug */,
				09F86A932AC183DC00992A05 /* Release */,
			);
			defaultConfigurationIsVisible = 0;
			defaultConfigurationName = Release;
		};
/* End XCConfigurationList section */
	};
	rootObject = 09F86A5E2AC183D800992A05 /* Project object */;
}
